// !$*UTF8*$!
{
	archiveVersion = 1;
	classes = {
	};
	objectVersion = 55;
	objects = {

/* Begin PBXBuildFile section */
		982CD14227DF566600D3E93F /* SignupViewController.swift in Sources */ = {isa = PBXBuildFile; fileRef = 982CD14127DF566600D3E93F /* SignupViewController.swift */; };
		98554A5827D5CE0C004DB937 /* AppDelegate.swift in Sources */ = {isa = PBXBuildFile; fileRef = 98554A5727D5CE0C004DB937 /* AppDelegate.swift */; };
		98554A5A27D5CE0C004DB937 /* SceneDelegate.swift in Sources */ = {isa = PBXBuildFile; fileRef = 98554A5927D5CE0C004DB937 /* SceneDelegate.swift */; };
		98554A5F27D5CE0C004DB937 /* Main.storyboard in Resources */ = {isa = PBXBuildFile; fileRef = 98554A5D27D5CE0C004DB937 /* Main.storyboard */; };
		98554A6127D5CE0E004DB937 /* Assets.xcassets in Resources */ = {isa = PBXBuildFile; fileRef = 98554A6027D5CE0E004DB937 /* Assets.xcassets */; };
		98554A6427D5CE0E004DB937 /* LaunchScreen.storyboard in Resources */ = {isa = PBXBuildFile; fileRef = 98554A6227D5CE0E004DB937 /* LaunchScreen.storyboard */; };
		98554A6C27D5D687004DB937 /* LoginViewController.swift in Sources */ = {isa = PBXBuildFile; fileRef = 98554A6B27D5D687004DB937 /* LoginViewController.swift */; };
		98554A6E27D5D693004DB937 /* MainViewController.swift in Sources */ = {isa = PBXBuildFile; fileRef = 98554A6D27D5D693004DB937 /* MainViewController.swift */; };
		98554A7027D5DBBE004DB937 /* Property List.plist in Resources */ = {isa = PBXBuildFile; fileRef = 98554A6F27D5DBBE004DB937 /* Property List.plist */; };
		98554A7227D5E045004DB937 /* Weather.swift in Sources */ = {isa = PBXBuildFile; fileRef = 98554A7127D5E044004DB937 /* Weather.swift */; };
		987CA36527DF315B006181A9 /* PreviewView.swift in Sources */ = {isa = PBXBuildFile; fileRef = 987CA36427DF315B006181A9 /* PreviewView.swift */; };
/* End PBXBuildFile section */

/* Begin PBXFileReference section */
		982CD14127DF566600D3E93F /* SignupViewController.swift */ = {isa = PBXFileReference; lastKnownFileType = sourcecode.swift; path = SignupViewController.swift; sourceTree = "<group>"; };
		98554A5427D5CE0C004DB937 /* nowmusic.app */ = {isa = PBXFileReference; explicitFileType = wrapper.application; includeInIndex = 0; path = nowmusic.app; sourceTree = BUILT_PRODUCTS_DIR; };
		98554A5727D5CE0C004DB937 /* AppDelegate.swift */ = {isa = PBXFileReference; lastKnownFileType = sourcecode.swift; path = AppDelegate.swift; sourceTree = "<group>"; };
		98554A5927D5CE0C004DB937 /* SceneDelegate.swift */ = {isa = PBXFileReference; lastKnownFileType = sourcecode.swift; path = SceneDelegate.swift; sourceTree = "<group>"; };
		98554A5E27D5CE0C004DB937 /* Base */ = {isa = PBXFileReference; lastKnownFileType = file.storyboard; name = Base; path = Base.lproj/Main.storyboard; sourceTree = "<group>"; };
		98554A6027D5CE0E004DB937 /* Assets.xcassets */ = {isa = PBXFileReference; lastKnownFileType = folder.assetcatalog; path = Assets.xcassets; sourceTree = "<group>"; };
		98554A6327D5CE0E004DB937 /* Base */ = {isa = PBXFileReference; lastKnownFileType = file.storyboard; name = Base; path = Base.lproj/LaunchScreen.storyboard; sourceTree = "<group>"; };
		98554A6527D5CE0E004DB937 /* Info.plist */ = {isa = PBXFileReference; lastKnownFileType = text.plist.xml; path = Info.plist; sourceTree = "<group>"; };
		98554A6B27D5D687004DB937 /* LoginViewController.swift */ = {isa = PBXFileReference; lastKnownFileType = sourcecode.swift; path = LoginViewController.swift; sourceTree = "<group>"; };
		98554A6D27D5D693004DB937 /* MainViewController.swift */ = {isa = PBXFileReference; lastKnownFileType = sourcecode.swift; path = MainViewController.swift; sourceTree = "<group>"; };
		98554A6F27D5DBBE004DB937 /* Property List.plist */ = {isa = PBXFileReference; lastKnownFileType = text.plist.xml; path = "Property List.plist"; sourceTree = "<group>"; };
		98554A7127D5E044004DB937 /* Weather.swift */ = {isa = PBXFileReference; lastKnownFileType = sourcecode.swift; path = Weather.swift; sourceTree = "<group>"; };
		987CA36427DF315B006181A9 /* PreviewView.swift */ = {isa = PBXFileReference; lastKnownFileType = sourcecode.swift; path = PreviewView.swift; sourceTree = "<group>"; };
/* End PBXFileReference section */

/* Begin PBXFrameworksBuildPhase section */
		98554A5127D5CE0C004DB937 /* Frameworks */ = {
			isa = PBXFrameworksBuildPhase;
			buildActionMask = 2147483647;
			files = (
			);
			runOnlyForDeploymentPostprocessing = 0;
		};
/* End PBXFrameworksBuildPhase section */

/* Begin PBXGroup section */
		98554A4B27D5CE0C004DB937 = {
			isa = PBXGroup;
			children = (
				98554A5627D5CE0C004DB937 /* nowmusic */,
				98554A5527D5CE0C004DB937 /* Products */,
			);
			sourceTree = "<group>";
		};
		98554A5527D5CE0C004DB937 /* Products */ = {
			isa = PBXGroup;
			children = (
				98554A5427D5CE0C004DB937 /* nowmusic.app */,
			);
			name = Products;
			sourceTree = "<group>";
		};
		98554A5627D5CE0C004DB937 /* nowmusic */ = {
			isa = PBXGroup;
			children = (
				98554A5727D5CE0C004DB937 /* AppDelegate.swift */,
				98554A5927D5CE0C004DB937 /* SceneDelegate.swift */,
				98554A5D27D5CE0C004DB937 /* Main.storyboard */,
				98554A6B27D5D687004DB937 /* LoginViewController.swift */,
				98554A6D27D5D693004DB937 /* MainViewController.swift */,
				982CD14127DF566600D3E93F /* SignupViewController.swift */,
				987CA36427DF315B006181A9 /* PreviewView.swift */,
				98554A6027D5CE0E004DB937 /* Assets.xcassets */,
				98554A6227D5CE0E004DB937 /* LaunchScreen.storyboard */,
				98554A6527D5CE0E004DB937 /* Info.plist */,
				98554A6F27D5DBBE004DB937 /* Property List.plist */,
				98554A7127D5E044004DB937 /* Weather.swift */,
			);
			path = nowmusic;
			sourceTree = "<group>";
		};
/* End PBXGroup section */

/* Begin PBXNativeTarget section */
		98554A5327D5CE0C004DB937 /* nowmusic */ = {
			isa = PBXNativeTarget;
			buildConfigurationList = 98554A6827D5CE0E004DB937 /* Build configuration list for PBXNativeTarget "nowmusic" */;
			buildPhases = (
				98554A5027D5CE0C004DB937 /* Sources */,
				98554A5127D5CE0C004DB937 /* Frameworks */,
				98554A5227D5CE0C004DB937 /* Resources */,
			);
			buildRules = (
			);
			dependencies = (
			);
			name = nowmusic;
			productName = nowmusic;
			productReference = 98554A5427D5CE0C004DB937 /* nowmusic.app */;
			productType = "com.apple.product-type.application";
		};
/* End PBXNativeTarget section */

/* Begin PBXProject section */
		98554A4C27D5CE0C004DB937 /* Project object */ = {
			isa = PBXProject;
			attributes = {
				BuildIndependentTargetsInParallel = 1;
				LastSwiftUpdateCheck = 1320;
				LastUpgradeCheck = 1320;
				TargetAttributes = {
					98554A5327D5CE0C004DB937 = {
						CreatedOnToolsVersion = 13.2.1;
					};
				};
			};
			buildConfigurationList = 98554A4F27D5CE0C004DB937 /* Build configuration list for PBXProject "nowmusic" */;
			compatibilityVersion = "Xcode 13.0";
			developmentRegion = en;
			hasScannedForEncodings = 0;
			knownRegions = (
				en,
				Base,
			);
			mainGroup = 98554A4B27D5CE0C004DB937;
			productRefGroup = 98554A5527D5CE0C004DB937 /* Products */;
			projectDirPath = "";
			projectRoot = "";
			targets = (
				98554A5327D5CE0C004DB937 /* nowmusic */,
			);
		};
/* End PBXProject section */

/* Begin PBXResourcesBuildPhase section */
		98554A5227D5CE0C004DB937 /* Resources */ = {
			isa = PBXResourcesBuildPhase;
			buildActionMask = 2147483647;
			files = (
				98554A6427D5CE0E004DB937 /* LaunchScreen.storyboard in Resources */,
				98554A6127D5CE0E004DB937 /* Assets.xcassets in Resources */,
				98554A7027D5DBBE004DB937 /* Property List.plist in Resources */,
				98554A5F27D5CE0C004DB937 /* Main.storyboard in Resources */,
			);
			runOnlyForDeploymentPostprocessing = 0;
		};
/* End PBXResourcesBuildPhase section */

/* Begin PBXSourcesBuildPhase section */
		98554A5027D5CE0C004DB937 /* Sources */ = {
			isa = PBXSourcesBuildPhase;
			buildActionMask = 2147483647;
			files = (
				98554A6C27D5D687004DB937 /* LoginViewController.swift in Sources */,
				982CD14227DF566600D3E93F /* SignupViewController.swift in Sources */,
				98554A5827D5CE0C004DB937 /* AppDelegate.swift in Sources */,
				98554A5A27D5CE0C004DB937 /* SceneDelegate.swift in Sources */,
				98554A6E27D5D693004DB937 /* MainViewController.swift in Sources */,
				98554A7227D5E045004DB937 /* Weather.swift in Sources */,
				987CA36527DF315B006181A9 /* PreviewView.swift in Sources */,
			);
			runOnlyForDeploymentPostprocessing = 0;
		};
/* End PBXSourcesBuildPhase section */

/* Begin PBXVariantGroup section */
		98554A5D27D5CE0C004DB937 /* Main.storyboard */ = {
			isa = PBXVariantGroup;
			children = (
				98554A5E27D5CE0C004DB937 /* Base */,
			);
			name = Main.storyboard;
			sourceTree = "<group>";
		};
		98554A6227D5CE0E004DB937 /* LaunchScreen.storyboard */ = {
			isa = PBXVariantGroup;
			children = (
				98554A6327D5CE0E004DB937 /* Base */,
			);
			name = LaunchScreen.storyboard;
			sourceTree = "<group>";
		};
/* End PBXVariantGroup section */

/* Begin XCBuildConfiguration section */
		98554A6627D5CE0E004DB937 /* Debug */ = {
			isa = XCBuildConfiguration;
			buildSettings = {
				ALWAYS_SEARCH_USER_PATHS = NO;
				CLANG_ANALYZER_NONNULL = YES;
				CLANG_ANALYZER_NUMBER_OBJECT_CONVERSION = YES_AGGRESSIVE;
				CLANG_CXX_LANGUAGE_STANDARD = "gnu++17";
				CLANG_CXX_LIBRARY = "libc++";
				CLANG_ENABLE_MODULES = YES;
				CLANG_ENABLE_OBJC_ARC = YES;
				CLANG_ENABLE_OBJC_WEAK = YES;
				CLANG_WARN_BLOCK_CAPTURE_AUTORELEASING = YES;
				CLANG_WARN_BOOL_CONVERSION = YES;
				CLANG_WARN_COMMA = YES;
				CLANG_WARN_CONSTANT_CONVERSION = YES;
				CLANG_WARN_DEPRECATED_OBJC_IMPLEMENTATIONS = YES;
				CLANG_WARN_DIRECT_OBJC_ISA_USAGE = YES_ERROR;
				CLANG_WARN_DOCUMENTATION_COMMENTS = YES;
				CLANG_WARN_EMPTY_BODY = YES;
				CLANG_WARN_ENUM_CONVERSION = YES;
				CLANG_WARN_INFINITE_RECURSION = YES;
				CLANG_WARN_INT_CONVERSION = YES;
				CLANG_WARN_NON_LITERAL_NULL_CONVERSION = YES;
				CLANG_WARN_OBJC_IMPLICIT_RETAIN_SELF = YES;
				CLANG_WARN_OBJC_LITERAL_CONVERSION = YES;
				CLANG_WARN_OBJC_ROOT_CLASS = YES_ERROR;
				CLANG_WARN_QUOTED_INCLUDE_IN_FRAMEWORK_HEADER = YES;
				CLANG_WARN_RANGE_LOOP_ANALYSIS = YES;
				CLANG_WARN_STRICT_PROTOTYPES = YES;
				CLANG_WARN_SUSPICIOUS_MOVE = YES;
				CLANG_WARN_UNGUARDED_AVAILABILITY = YES_AGGRESSIVE;
				CLANG_WARN_UNREACHABLE_CODE = YES;
				CLANG_WARN__DUPLICATE_METHOD_MATCH = YES;
				COPY_PHASE_STRIP = NO;
				DEBUG_INFORMATION_FORMAT = dwarf;
				ENABLE_STRICT_OBJC_MSGSEND = YES;
				ENABLE_TESTABILITY = YES;
				GCC_C_LANGUAGE_STANDARD = gnu11;
				GCC_DYNAMIC_NO_PIC = NO;
				GCC_NO_COMMON_BLOCKS = YES;
				GCC_OPTIMIZATION_LEVEL = 0;
				GCC_PREPROCESSOR_DEFINITIONS = (
					"DEBUG=1",
					"$(inherited)",
				);
				GCC_WARN_64_TO_32_BIT_CONVERSION = YES;
				GCC_WARN_ABOUT_RETURN_TYPE = YES_ERROR;
				GCC_WARN_UNDECLARED_SELECTOR = YES;
				GCC_WARN_UNINITIALIZED_AUTOS = YES_AGGRESSIVE;
				GCC_WARN_UNUSED_FUNCTION = YES;
				GCC_WARN_UNUSED_VARIABLE = YES;
				IPHONEOS_DEPLOYMENT_TARGET = 15.2;
				MTL_ENABLE_DEBUG_INFO = INCLUDE_SOURCE;
				MTL_FAST_MATH = YES;
				ONLY_ACTIVE_ARCH = YES;
				SDKROOT = iphoneos;
				SWIFT_ACTIVE_COMPILATION_CONDITIONS = DEBUG;
				SWIFT_OPTIMIZATION_LEVEL = "-Onone";
			};
			name = Debug;
		};
		98554A6727D5CE0E004DB937 /* Release */ = {
			isa = XCBuildConfiguration;
			buildSettings = {
				ALWAYS_SEARCH_USER_PATHS = NO;
				CLANG_ANALYZER_NONNULL = YES;
				CLANG_ANALYZER_NUMBER_OBJECT_CONVERSION = YES_AGGRESSIVE;
				CLANG_CXX_LANGUAGE_STANDARD = "gnu++17";
				CLANG_CXX_LIBRARY = "libc++";
				CLANG_ENABLE_MODULES = YES;
				CLANG_ENABLE_OBJC_ARC = YES;
				CLANG_ENABLE_OBJC_WEAK = YES;
				CLANG_WARN_BLOCK_CAPTURE_AUTORELEASING = YES;
				CLANG_WARN_BOOL_CONVERSION = YES;
				CLANG_WARN_COMMA = YES;
				CLANG_WARN_CONSTANT_CONVERSION = YES;
				CLANG_WARN_DEPRECATED_OBJC_IMPLEMENTATIONS = YES;
				CLANG_WARN_DIRECT_OBJC_ISA_USAGE = YES_ERROR;
				CLANG_WARN_DOCUMENTATION_COMMENTS = YES;
				CLANG_WARN_EMPTY_BODY = YES;
				CLANG_WARN_ENUM_CONVERSION = YES;
				CLANG_WARN_INFINITE_RECURSION = YES;
				CLANG_WARN_INT_CONVERSION = YES;
				CLANG_WARN_NON_LITERAL_NULL_CONVERSION = YES;
				CLANG_WARN_OBJC_IMPLICIT_RETAIN_SELF = YES;
				CLANG_WARN_OBJC_LITERAL_CONVERSION = YES;
				CLANG_WARN_OBJC_ROOT_CLASS = YES_ERROR;
				CLANG_WARN_QUOTED_INCLUDE_IN_FRAMEWORK_HEADER = YES;
				CLANG_WARN_RANGE_LOOP_ANALYSIS = YES;
				CLANG_WARN_STRICT_PROTOTYPES = YES;
				CLANG_WARN_SUSPICIOUS_MOVE = YES;
				CLANG_WARN_UNGUARDED_AVAILABILITY = YES_AGGRESSIVE;
				CLANG_WARN_UNREACHABLE_CODE = YES;
				CLANG_WARN__DUPLICATE_METHOD_MATCH = YES;
				COPY_PHASE_STRIP = NO;
				DEBUG_INFORMATION_FORMAT = "dwarf-with-dsym";
				ENABLE_NS_ASSERTIONS = NO;
				ENABLE_STRICT_OBJC_MSGSEND = YES;
				GCC_C_LANGUAGE_STANDARD = gnu11;
				GCC_NO_COMMON_BLOCKS = YES;
				GCC_WARN_64_TO_32_BIT_CONVERSION = YES;
				GCC_WARN_ABOUT_RETURN_TYPE = YES_ERROR;
				GCC_WARN_UNDECLARED_SELECTOR = YES;
				GCC_WARN_UNINITIALIZED_AUTOS = YES_AGGRESSIVE;
				GCC_WARN_UNUSED_FUNCTION = YES;
				GCC_WARN_UNUSED_VARIABLE = YES;
				IPHONEOS_DEPLOYMENT_TARGET = 15.2;
				MTL_ENABLE_DEBUG_INFO = NO;
				MTL_FAST_MATH = YES;
				SDKROOT = iphoneos;
				SWIFT_COMPILATION_MODE = wholemodule;
				SWIFT_OPTIMIZATION_LEVEL = "-O";
				VALIDATE_PRODUCT = YES;
			};
			name = Release;
		};
		98554A6927D5CE0E004DB937 /* Debug */ = {
			isa = XCBuildConfiguration;
			buildSettings = {
				ASSETCATALOG_COMPILER_APPICON_NAME = AppIcon;
				ASSETCATALOG_COMPILER_GLOBAL_ACCENT_COLOR_NAME = AccentColor;
				CODE_SIGN_STYLE = Automatic;
				CURRENT_PROJECT_VERSION = 1;
				DEVELOPMENT_TEAM = PN5JFN8NYT;
				GENERATE_INFOPLIST_FILE = YES;
				INFOPLIST_FILE = nowmusic/Info.plist;
				INFOPLIST_KEY_UIApplicationSupportsIndirectInputEvents = YES;
				INFOPLIST_KEY_UILaunchStoryboardName = LaunchScreen;
				INFOPLIST_KEY_UIMainStoryboardFile = Main;
				INFOPLIST_KEY_UISupportedInterfaceOrientations_iPad = "UIInterfaceOrientationPortrait UIInterfaceOrientationPortraitUpsideDown UIInterfaceOrientationLandscapeLeft UIInterfaceOrientationLandscapeRight";
				INFOPLIST_KEY_UISupportedInterfaceOrientations_iPhone = "UIInterfaceOrientationPortrait UIInterfaceOrientationLandscapeLeft UIInterfaceOrientationLandscapeRight";
				LD_RUNPATH_SEARCH_PATHS = (
					"$(inherited)",
					"@executable_path/Frameworks",
				);
				MARKETING_VERSION = 1.0;
				PRODUCT_BUNDLE_IDENTIFIER = yoonjong.nowmusic;
				PRODUCT_NAME = "$(TARGET_NAME)";
				SWIFT_EMIT_LOC_STRINGS = YES;
				SWIFT_VERSION = 5.0;
				TARGETED_DEVICE_FAMILY = "1,2";
			};
			name = Debug;
		};
		98554A6A27D5CE0E004DB937 /* Release */ = {
			isa = XCBuildConfiguration;
			buildSettings = {
				ASSETCATALOG_COMPILER_APPICON_NAME = AppIcon;
				ASSETCATALOG_COMPILER_GLOBAL_ACCENT_COLOR_NAME = AccentColor;
				CODE_SIGN_STYLE = Automatic;
				CURRENT_PROJECT_VERSION = 1;
				DEVELOPMENT_TEAM = PN5JFN8NYT;
				GENERATE_INFOPLIST_FILE = YES;
				INFOPLIST_FILE = nowmusic/Info.plist;
				INFOPLIST_KEY_UIApplicationSupportsIndirectInputEvents = YES;
				INFOPLIST_KEY_UILaunchStoryboardName = LaunchScreen;
				INFOPLIST_KEY_UIMainStoryboardFile = Main;
				INFOPLIST_KEY_UISupportedInterfaceOrientations_iPad = "UIInterfaceOrientationPortrait UIInterfaceOrientationPortraitUpsideDown UIInterfaceOrientationLandscapeLeft UIInterfaceOrientationLandscapeRight";
				INFOPLIST_KEY_UISupportedInterfaceOrientations_iPhone = "UIInterfaceOrientationPortrait UIInterfaceOrientationLandscapeLeft UIInterfaceOrientationLandscapeRight";
				LD_RUNPATH_SEARCH_PATHS = (
					"$(inherited)",
					"@executable_path/Frameworks",
				);
				MARKETING_VERSION = 1.0;
				PRODUCT_BUNDLE_IDENTIFIER = yoonjong.nowmusic;
				PRODUCT_NAME = "$(TARGET_NAME)";
				SWIFT_EMIT_LOC_STRINGS = YES;
				SWIFT_VERSION = 5.0;
				TARGETED_DEVICE_FAMILY = "1,2";
			};
			name = Release;
		};
/* End XCBuildConfiguration section */

/* Begin XCConfigurationList section */
		98554A4F27D5CE0C004DB937 /* Build configuration list for PBXProject "nowmusic" */ = {
			isa = XCConfigurationList;
			buildConfigurations = (
				98554A6627D5CE0E004DB937 /* Debug */,
				98554A6727D5CE0E004DB937 /* Release */,
			);
			defaultConfigurationIsVisible = 0;
			defaultConfigurationName = Release;
		};
		98554A6827D5CE0E004DB937 /* Build configuration list for PBXNativeTarget "nowmusic" */ = {
			isa = XCConfigurationList;
			buildConfigurations = (
				98554A6927D5CE0E004DB937 /* Debug */,
				98554A6A27D5CE0E004DB937 /* Release */,
			);
			defaultConfigurationIsVisible = 0;
			defaultConfigurationName = Release;
		};
/* End XCConfigurationList section */
	};
	rootObject = 98554A4C27D5CE0C004DB937 /* Project object */;
}
